
Microsoft Visual Studio Solution File, Format Version 12.00
# Visual Studio Version 17
VisualStudioVersion = 17.0.32126.317
MinimumVisualStudioVersion = 10.0.40219.1
Project("{9A19103F-16F7-4668-BE54-9A1E7A4F7556}") = "BreganTwitchBot.Core", "BreganTwitchBot.Core.csproj", "{9155AFFA-97B3-41BC-80A4-48D379D771BA}"
EndProject
Project("{9A19103F-16F7-4668-BE54-9A1E7A4F7556}") = "BreganTwitchbot.Data", "..\BreganTwitchbot.Data\BreganTwitchbot.Data.csproj", "{5F07FC65-E96F-4A41-8083-E625DD879CB2}"
EndProject
Project("{9A19103F-16F7-4668-BE54-9A1E7A4F7556}") = "BreganTwitchBot.Web", "..\BreganTwitchBot.Web\BreganTwitchBot.Web.csproj", "{0AED50FE-E158-4E93-96B5-23CA9D6F1E41}"
EndProject
Global
	GlobalSection(SolutionConfigurationPlatforms) = preSolution
		Debug|Any CPU = Debug|Any CPU
		Release|Any CPU = Release|Any CPU
	EndGlobalSection
	GlobalSection(ProjectConfigurationPlatforms) = postSolution
		{9155AFFA-97B3-41BC-80A4-48D379D771BA}.Debug|Any CPU.ActiveCfg = Debug|Any CPU
		{9155AFFA-97B3-41BC-80A4-48D379D771BA}.Debug|Any CPU.Build.0 = Debug|Any CPU
		{9155AFFA-97B3-41BC-80A4-48D379D771BA}.Release|Any CPU.ActiveCfg = Release|Any CPU
		{9155AFFA-97B3-41BC-80A4-48D379D771BA}.Release|Any CPU.Build.0 = Release|Any CPU
		{5F07FC65-E96F-4A41-8083-E625DD879CB2}.Debug|Any CPU.ActiveCfg = Debug|Any CPU
		{5F07FC65-E96F-4A41-8083-E625DD879CB2}.Debug|Any CPU.Build.0 = Debug|Any CPU
		{5F07FC65-E96F-4A41-8083-E625DD879CB2}.Release|Any CPU.ActiveCfg = Release|Any CPU
		{5F07FC65-E96F-4A41-8083-E625DD879CB2}.Release|Any CPU.Build.0 = Release|Any CPU
		{0AED50FE-E158-4E93-96B5-23CA9D6F1E41}.Debug|Any CPU.ActiveCfg = Debug|Any CPU
		{0AED50FE-E158-4E93-96B5-23CA9D6F1E41}.Debug|Any CPU.Build.0 = Debug|Any CPU
		{0AED50FE-E158-4E93-96B5-23CA9D6F1E41}.Release|Any CPU.ActiveCfg = Release|Any CPU
		{0AED50FE-E158-4E93-96B5-23CA9D6F1E41}.Release|Any CPU.Build.0 = Release|Any CPU
	EndGlobalSection
	GlobalSection(SolutionProperties) = preSolution
		HideSolutionNode = FALSE
	EndGlobalSection
	GlobalSection(ExtensibilityGlobals) = postSolution
		SolutionGuid = {24BDA801-40E6-47CF-9B24-F41F86ED27DB}
	EndGlobalSection
EndGlobal
